github.com/jalaali/go-jalaali v0.0.0-20250521085720-bf793ab67800 h1:lvIuaX7hO0eO3Rlev+cVnlsoExR3i/JXxu88zt4JHPg=
github.com/jalaali/go-jalaali v0.0.0-20250521085720-bf793ab67800/go.mod h1:Wqfu7mjUHj9WDzSSPI5KfBclTTEnLveRUFr/ujWnTgE=
github.com/soheilsleep/TestModule v0.0.1 h1:xzqFdxWdMcRxPVXydF9FQSVeTb6sQ/82i71EwLRZbJI=
github.com/soheilsleep/TestModule v0.0.1/go.mod h1:ZiFuhVVYfNT7dlOztY1GpRi9F9HAKkMyHcGiiaUBHr0=
